
Microsoft Visual Studio Solution File, Format Version 12.00
# Visual Studio Version 17
VisualStudioVersion = 17.0.31912.275
MinimumVisualStudioVersion = 10.0.40219.1
Project("{9A19103F-16F7-4668-BE54-9A1E7A4F7556}") = "CoffeeVendingMachineApp", "CoffeeVendingMachineApp\CoffeeVendingMachineApp.csproj", "{2F842744-F13C-44D1-878B-5CDF04A3AE29}"
EndProject
Project("{FAE04EC0-301F-11D3-BF4B-00C04F79EFBC}") = "CoffeeVendingMachine.Tests", "UnitTests\CoffeeVendingMachine.Tests.csproj", "{54F34635-B68C-4F47-9D57-E1A8431E3C6C}"
EndProject
Project("{FAE04EC0-301F-11D3-BF4B-00C04F79EFBC}") = "CoffeeVendingMachine.IntegrationTests", "IntegrationTests\CoffeeVendingMachine.IntegrationTests.csproj", "{48A67C7F-5D50-40A2-8288-6D7DDEAA8108}"
	ProjectSection(ProjectDependencies) = postProject
		{2F842744-F13C-44D1-878B-5CDF04A3AE29} = {2F842744-F13C-44D1-878B-5CDF04A3AE29}
	EndProjectSection
EndProject
Global
	GlobalSection(SolutionConfigurationPlatforms) = preSolution
		Debug|Any CPU = Debug|Any CPU
		Release|Any CPU = Release|Any CPU
	EndGlobalSection
	GlobalSection(ProjectConfigurationPlatforms) = postSolution
		{2F842744-F13C-44D1-878B-5CDF04A3AE29}.Debug|Any CPU.ActiveCfg = Debug|Any CPU
		{2F842744-F13C-44D1-878B-5CDF04A3AE29}.Debug|Any CPU.Build.0 = Debug|Any CPU
		{2F842744-F13C-44D1-878B-5CDF04A3AE29}.Release|Any CPU.ActiveCfg = Release|Any CPU
		{2F842744-F13C-44D1-878B-5CDF04A3AE29}.Release|Any CPU.Build.0 = Release|Any CPU
		{54F34635-B68C-4F47-9D57-E1A8431E3C6C}.Debug|Any CPU.ActiveCfg = Debug|Any CPU
		{54F34635-B68C-4F47-9D57-E1A8431E3C6C}.Debug|Any CPU.Build.0 = Debug|Any CPU
		{54F34635-B68C-4F47-9D57-E1A8431E3C6C}.Release|Any CPU.ActiveCfg = Release|Any CPU
		{54F34635-B68C-4F47-9D57-E1A8431E3C6C}.Release|Any CPU.Build.0 = Release|Any CPU
		{48A67C7F-5D50-40A2-8288-6D7DDEAA8108}.Debug|Any CPU.ActiveCfg = Debug|Any CPU
		{48A67C7F-5D50-40A2-8288-6D7DDEAA8108}.Debug|Any CPU.Build.0 = Debug|Any CPU
		{48A67C7F-5D50-40A2-8288-6D7DDEAA8108}.Release|Any CPU.ActiveCfg = Release|Any CPU
		{48A67C7F-5D50-40A2-8288-6D7DDEAA8108}.Release|Any CPU.Build.0 = Release|Any CPU
	EndGlobalSection
	GlobalSection(SolutionProperties) = preSolution
		HideSolutionNode = FALSE
	EndGlobalSection
	GlobalSection(ExtensibilityGlobals) = postSolution
		SolutionGuid = {8DC0C87B-CA0C-4628-BC37-388CD6CDA893}
	EndGlobalSection
EndGlobal
